
Microsoft Visual Studio Solution File, Format Version 12.00
# Visual Studio 14
VisualStudioVersion = 14.0.22310.1
MinimumVisualStudioVersion = 10.0.40219.1
Project("{FAE04EC0-301F-11D3-BF4B-00C04F79EFBC}") = "Schematiq.Core", "sources\Schematiq\Schematiq.Core.csproj", "{51B89DA5-6C1C-4EFE-A610-165F2D752422}"
EndProject
Project("{FAE04EC0-301F-11D3-BF4B-00C04F79EFBC}") = "Schematiq.Tests", "sources\Schematiq.Tests\Schematiq.Tests.csproj", "{BAE73F14-FCF6-45E0-9937-3DDE80753D85}"
EndProject
Project("{FAE04EC0-301F-11D3-BF4B-00C04F79EFBC}") = "Schematiq.Console", "sources\Schematiq.Console\Schematiq.Console.csproj", "{8498096B-C657-4307-9865-9AB3FABE129D}"
EndProject
Global
	GlobalSection(SolutionConfigurationPlatforms) = preSolution
		Debug|Any CPU = Debug|Any CPU
		Release|Any CPU = Release|Any CPU
	EndGlobalSection
	GlobalSection(ProjectConfigurationPlatforms) = postSolution
		{51B89DA5-6C1C-4EFE-A610-165F2D752422}.Debug|Any CPU.ActiveCfg = Debug|Any CPU
		{51B89DA5-6C1C-4EFE-A610-165F2D752422}.Debug|Any CPU.Build.0 = Debug|Any CPU
		{51B89DA5-6C1C-4EFE-A610-165F2D752422}.Release|Any CPU.ActiveCfg = Release|Any CPU
		{51B89DA5-6C1C-4EFE-A610-165F2D752422}.Release|Any CPU.Build.0 = Release|Any CPU
		{BAE73F14-FCF6-45E0-9937-3DDE80753D85}.Debug|Any CPU.ActiveCfg = Debug|Any CPU
		{BAE73F14-FCF6-45E0-9937-3DDE80753D85}.Debug|Any CPU.Build.0 = Debug|Any CPU
		{BAE73F14-FCF6-45E0-9937-3DDE80753D85}.Release|Any CPU.ActiveCfg = Release|Any CPU
		{BAE73F14-FCF6-45E0-9937-3DDE80753D85}.Release|Any CPU.Build.0 = Release|Any CPU
		{8498096B-C657-4307-9865-9AB3FABE129D}.Debug|Any CPU.ActiveCfg = Debug|Any CPU
		{8498096B-C657-4307-9865-9AB3FABE129D}.Debug|Any CPU.Build.0 = Debug|Any CPU
		{8498096B-C657-4307-9865-9AB3FABE129D}.Release|Any CPU.ActiveCfg = Release|Any CPU
		{8498096B-C657-4307-9865-9AB3FABE129D}.Release|Any CPU.Build.0 = Release|Any CPU
	EndGlobalSection
	GlobalSection(SolutionProperties) = preSolution
		HideSolutionNode = FALSE
	EndGlobalSection
EndGlobal
